
Microsoft Visual Studio Solution File, Format Version 12.00
# Visual Studio Version 17
VisualStudioVersion = 17.14.36623.8 d17.14
MinimumVisualStudioVersion = 10.0.40219.1
Project("{FAE04EC0-301F-11D3-BF4B-00C04F79EFBC}") = "структуры лр 4", "структуры лр 4\структуры лр 4.csproj", "{166CAE51-04EC-4C3D-A1F5-312E59DA2122}"
EndProject
Global
	GlobalSection(SolutionConfigurationPlatforms) = preSolution
		Debug|Any CPU = Debug|Any CPU
		Release|Any CPU = Release|Any CPU
	EndGlobalSection
	GlobalSection(ProjectConfigurationPlatforms) = postSolution
		{166CAE51-04EC-4C3D-A1F5-312E59DA2122}.Debug|Any CPU.ActiveCfg = Debug|Any CPU
		{166CAE51-04EC-4C3D-A1F5-312E59DA2122}.Debug|Any CPU.Build.0 = Debug|Any CPU
		{166CAE51-04EC-4C3D-A1F5-312E59DA2122}.Release|Any CPU.ActiveCfg = Release|Any CPU
		{166CAE51-04EC-4C3D-A1F5-312E59DA2122}.Release|Any CPU.Build.0 = Release|Any CPU
	EndGlobalSection
	GlobalSection(SolutionProperties) = preSolution
		HideSolutionNode = FALSE
	EndGlobalSection
	GlobalSection(ExtensibilityGlobals) = postSolution
		SolutionGuid = {41836ED5-F126-4D40-821F-BB893ECEA2AE}
	EndGlobalSection
EndGlobal
