
Microsoft Visual Studio Solution File, Format Version 12.00
# Visual Studio Version 17
VisualStudioVersion = 17.14.36623.8 d17.14
MinimumVisualStudioVersion = 10.0.40219.1
Project("{FAE04EC0-301F-11D3-BF4B-00C04F79EFBC}") = "лр 5 делегаты", "лр 5 делегаты\лр 5 делегаты.csproj", "{EAEDFC91-0D03-423D-9A16-66522671952E}"
EndProject
Global
	GlobalSection(SolutionConfigurationPlatforms) = preSolution
		Debug|Any CPU = Debug|Any CPU
		Release|Any CPU = Release|Any CPU
	EndGlobalSection
	GlobalSection(ProjectConfigurationPlatforms) = postSolution
		{EAEDFC91-0D03-423D-9A16-66522671952E}.Debug|Any CPU.ActiveCfg = Debug|Any CPU
		{EAEDFC91-0D03-423D-9A16-66522671952E}.Debug|Any CPU.Build.0 = Debug|Any CPU
		{EAEDFC91-0D03-423D-9A16-66522671952E}.Release|Any CPU.ActiveCfg = Release|Any CPU
		{EAEDFC91-0D03-423D-9A16-66522671952E}.Release|Any CPU.Build.0 = Release|Any CPU
	EndGlobalSection
	GlobalSection(SolutionProperties) = preSolution
		HideSolutionNode = FALSE
	EndGlobalSection
	GlobalSection(ExtensibilityGlobals) = postSolution
		SolutionGuid = {E334BA40-017A-4D30-98BE-305032967C71}
	EndGlobalSection
EndGlobal
